[0m[1mmodule.storage.random_string.storage_suffix: Refreshing state... [id=wzed23][0m
[0m[1mmodule.webapp.random_string.webapp_suffix: Refreshing state... [id=ielh6r][0m

Terraform used the selected providers to generate the following execution
plan. Resource actions are indicated with the following symbols:
  [32m+[0m create[0m

Terraform will perform the following actions:

[1m  # azurerm_resource_group.main[0m will be created
[0m  [32m+[0m[0m resource "azurerm_resource_group" "main" {
      [32m+[0m[0m id       = (known after apply)
      [32m+[0m[0m location = "francecentral"
      [32m+[0m[0m name     = "datacorp-dev-rg"
      [32m+[0m[0m tags     = {
          [32m+[0m[0m "Environment" = "dev"
          [32m+[0m[0m "ManagedBy"   = "Terraform"
          [32m+[0m[0m "Project"     = "DataCorp Training"
        }
    }

[1m  # module.storage.azurerm_storage_account.main[0m will be created
[0m  [32m+[0m[0m resource "azurerm_storage_account" "main" {
      [32m+[0m[0m access_tier                        = (known after apply)
      [32m+[0m[0m account_kind                       = "StorageV2"
      [32m+[0m[0m account_replication_type           = "LRS"
      [32m+[0m[0m account_tier                       = "Standard"
      [32m+[0m[0m allow_nested_items_to_be_public    = false
      [32m+[0m[0m cross_tenant_replication_enabled   = true
      [32m+[0m[0m default_to_oauth_authentication    = false
      [32m+[0m[0m dns_endpoint_type                  = "Standard"
      [32m+[0m[0m enable_https_traffic_only          = (known after apply)
      [32m+[0m[0m https_traffic_only_enabled         = true
      [32m+[0m[0m id                                 = (known after apply)
      [32m+[0m[0m infrastructure_encryption_enabled  = false
      [32m+[0m[0m is_hns_enabled                     = false
      [32m+[0m[0m large_file_share_enabled           = (known after apply)
      [32m+[0m[0m local_user_enabled                 = true
      [32m+[0m[0m location                           = "francecentral"
      [32m+[0m[0m min_tls_version                    = "TLS1_2"
      [32m+[0m[0m name                               = "datacorpdevsawzed23"
      [32m+[0m[0m nfsv3_enabled                      = false
      [32m+[0m[0m primary_access_key                 = (sensitive value)
      [32m+[0m[0m primary_blob_connection_string     = (sensitive value)
      [32m+[0m[0m primary_blob_endpoint              = (known after apply)
      [32m+[0m[0m primary_blob_host                  = (known after apply)
      [32m+[0m[0m primary_blob_internet_endpoint     = (known after apply)
      [32m+[0m[0m primary_blob_internet_host         = (known after apply)
      [32m+[0m[0m primary_blob_microsoft_endpoint    = (known after apply)
      [32m+[0m[0m primary_blob_microsoft_host        = (known after apply)
      [32m+[0m[0m primary_connection_string          = (sensitive value)
      [32m+[0m[0m primary_dfs_endpoint               = (known after apply)
      [32m+[0m[0m primary_dfs_host                   = (known after apply)
      [32m+[0m[0m primary_dfs_internet_endpoint      = (known after apply)
      [32m+[0m[0m primary_dfs_internet_host          = (known after apply)
      [32m+[0m[0m primary_dfs_microsoft_endpoint     = (known after apply)
      [32m+[0m[0m primary_dfs_microsoft_host         = (known after apply)
      [32m+[0m[0m primary_file_endpoint              = (known after apply)
      [32m+[0m[0m primary_file_host                  = (known after apply)
      [32m+[0m[0m primary_file_internet_endpoint     = (known after apply)
      [32m+[0m[0m primary_file_internet_host         = (known after apply)
      [32m+[0m[0m primary_file_microsoft_endpoint    = (known after apply)
      [32m+[0m[0m primary_file_microsoft_host        = (known after apply)
      [32m+[0m[0m primary_location                   = (known after apply)
      [32m+[0m[0m primary_queue_endpoint             = (known after apply)
      [32m+[0m[0m primary_queue_host                 = (known after apply)
      [32m+[0m[0m primary_queue_microsoft_endpoint   = (known after apply)
      [32m+[0m[0m primary_queue_microsoft_host       = (known after apply)
      [32m+[0m[0m primary_table_endpoint             = (known after apply)
      [32m+[0m[0m primary_table_host                 = (known after apply)
      [32m+[0m[0m primary_table_microsoft_endpoint   = (known after apply)
      [32m+[0m[0m primary_table_microsoft_host       = (known after apply)
      [32m+[0m[0m primary_web_endpoint               = (known after apply)
      [32m+[0m[0m primary_web_host                   = (known after apply)
      [32m+[0m[0m primary_web_internet_endpoint      = (known after apply)
      [32m+[0m[0m primary_web_internet_host          = (known after apply)
      [32m+[0m[0m primary_web_microsoft_endpoint     = (known after apply)
      [32m+[0m[0m primary_web_microsoft_host         = (known after apply)
      [32m+[0m[0m public_network_access_enabled      = true
      [32m+[0m[0m queue_encryption_key_type          = "Service"
      [32m+[0m[0m resource_group_name                = "datacorp-dev-rg"
      [32m+[0m[0m secondary_access_key               = (sensitive value)
      [32m+[0m[0m secondary_blob_connection_string   = (sensitive value)
      [32m+[0m[0m secondary_blob_endpoint            = (known after apply)
      [32m+[0m[0m secondary_blob_host                = (known after apply)
      [32m+[0m[0m secondary_blob_internet_endpoint   = (known after apply)
      [32m+[0m[0m secondary_blob_internet_host       = (known after apply)
      [32m+[0m[0m secondary_blob_microsoft_endpoint  = (known after apply)
      [32m+[0m[0m secondary_blob_microsoft_host      = (known after apply)
      [32m+[0m[0m secondary_connection_string        = (sensitive value)
      [32m+[0m[0m secondary_dfs_endpoint             = (known after apply)
      [32m+[0m[0m secondary_dfs_host                 = (known after apply)
      [32m+[0m[0m secondary_dfs_internet_endpoint    = (known after apply)
      [32m+[0m[0m secondary_dfs_internet_host        = (known after apply)
      [32m+[0m[0m secondary_dfs_microsoft_endpoint   = (known after apply)
      [32m+[0m[0m secondary_dfs_microsoft_host       = (known after apply)
      [32m+[0m[0m secondary_file_endpoint            = (known after apply)
      [32m+[0m[0m secondary_file_host                = (known after apply)
      [32m+[0m[0m secondary_file_internet_endpoint   = (known after apply)
      [32m+[0m[0m secondary_file_internet_host       = (known after apply)
      [32m+[0m[0m secondary_file_microsoft_endpoint  = (known after apply)
      [32m+[0m[0m secondary_file_microsoft_host      = (known after apply)
      [32m+[0m[0m secondary_location                 = (known after apply)
      [32m+[0m[0m secondary_queue_endpoint           = (known after apply)
      [32m+[0m[0m secondary_queue_host               = (known after apply)
      [32m+[0m[0m secondary_queue_microsoft_endpoint = (known after apply)
      [32m+[0m[0m secondary_queue_microsoft_host     = (known after apply)
      [32m+[0m[0m secondary_table_endpoint           = (known after apply)
      [32m+[0m[0m secondary_table_host               = (known after apply)
      [32m+[0m[0m secondary_table_microsoft_endpoint = (known after apply)
      [32m+[0m[0m secondary_table_microsoft_host     = (known after apply)
      [32m+[0m[0m secondary_web_endpoint             = (known after apply)
      [32m+[0m[0m secondary_web_host                 = (known after apply)
      [32m+[0m[0m secondary_web_internet_endpoint    = (known after apply)
      [32m+[0m[0m secondary_web_internet_host        = (known after apply)
      [32m+[0m[0m secondary_web_microsoft_endpoint   = (known after apply)
      [32m+[0m[0m secondary_web_microsoft_host       = (known after apply)
      [32m+[0m[0m sftp_enabled                       = false
      [32m+[0m[0m shared_access_key_enabled          = true
      [32m+[0m[0m table_encryption_key_type          = "Service"
      [32m+[0m[0m tags                               = {
          [32m+[0m[0m "Environment" = "dev"
          [32m+[0m[0m "ManagedBy"   = "Terraform"
          [32m+[0m[0m "Project"     = "DataCorp Training"
        }

      [32m+[0m[0m blob_properties (known after apply)

      [32m+[0m[0m network_rules (known after apply)

      [32m+[0m[0m queue_properties (known after apply)

      [32m+[0m[0m routing (known after apply)

      [32m+[0m[0m share_properties (known after apply)

      [32m+[0m[0m static_website (known after apply)
    }

[1m  # module.storage.azurerm_storage_container.main[0m will be created
[0m  [32m+[0m[0m resource "azurerm_storage_container" "main" {
      [32m+[0m[0m container_access_type             = "private"
      [32m+[0m[0m default_encryption_scope          = (known after apply)
      [32m+[0m[0m encryption_scope_override_enabled = true
      [32m+[0m[0m has_immutability_policy           = (known after apply)
      [32m+[0m[0m has_legal_hold                    = (known after apply)
      [32m+[0m[0m id                                = (known after apply)
      [32m+[0m[0m metadata                          = (known after apply)
      [32m+[0m[0m name                              = "data-container"
      [32m+[0m[0m resource_manager_id               = (known after apply)
      [32m+[0m[0m storage_account_name              = "datacorpdevsawzed23"
    }

[1m  # module.virtual_machine.azurerm_linux_virtual_machine.main[0m will be created
[0m  [32m+[0m[0m resource "azurerm_linux_virtual_machine" "main" {
      [32m+[0m[0m admin_password                                         = (sensitive value)
      [32m+[0m[0m admin_username                                         = "azureuser"
      [32m+[0m[0m allow_extension_operations                             = true
      [32m+[0m[0m bypass_platform_safety_checks_on_user_schedule_enabled = false
      [32m+[0m[0m computer_name                                          = (known after apply)
      [32m+[0m[0m disable_password_authentication                        = false
      [32m+[0m[0m disk_controller_type                                   = (known after apply)
      [32m+[0m[0m extensions_time_budget                                 = "PT1H30M"
      [32m+[0m[0m id                                                     = (known after apply)
      [32m+[0m[0m location                                               = "francecentral"
      [32m+[0m[0m max_bid_price                                          = -1
      [32m+[0m[0m name                                                   = "datacorp-dev-vm"
      [32m+[0m[0m network_interface_ids                                  = (known after apply)
      [32m+[0m[0m patch_assessment_mode                                  = "ImageDefault"
      [32m+[0m[0m patch_mode                                             = "ImageDefault"
      [32m+[0m[0m platform_fault_domain                                  = -1
      [32m+[0m[0m priority                                               = "Regular"
      [32m+[0m[0m private_ip_address                                     = (known after apply)
      [32m+[0m[0m private_ip_addresses                                   = (known after apply)
      [32m+[0m[0m provision_vm_agent                                     = true
      [32m+[0m[0m public_ip_address                                      = (known after apply)
      [32m+[0m[0m public_ip_addresses                                    = (known after apply)
      [32m+[0m[0m resource_group_name                                    = "datacorp-dev-rg"
      [32m+[0m[0m size                                                   = "Standard_B1s"
      [32m+[0m[0m tags                                                   = {
          [32m+[0m[0m "Environment" = "dev"
          [32m+[0m[0m "ManagedBy"   = "Terraform"
          [32m+[0m[0m "Project"     = "DataCorp Training"
        }
      [32m+[0m[0m virtual_machine_id                                     = (known after apply)
      [32m+[0m[0m vm_agent_platform_updates_enabled                      = false

      [32m+[0m[0m os_disk {
          [32m+[0m[0m caching                   = "ReadWrite"
          [32m+[0m[0m disk_size_gb              = 30
          [32m+[0m[0m name                      = (known after apply)
          [32m+[0m[0m storage_account_type      = "Standard_LRS"
          [32m+[0m[0m write_accelerator_enabled = false
        }

      [32m+[0m[0m source_image_reference {
          [32m+[0m[0m offer     = "0001-com-ubuntu-server-jammy"
          [32m+[0m[0m publisher = "Canonical"
          [32m+[0m[0m sku       = "22_04-lts-gen2"
          [32m+[0m[0m version   = "latest"
        }

      [32m+[0m[0m termination_notification (known after apply)
    }

[1m  # module.virtual_machine.azurerm_network_interface.main[0m will be created
[0m  [32m+[0m[0m resource "azurerm_network_interface" "main" {
      [32m+[0m[0m accelerated_networking_enabled = (known after apply)
      [32m+[0m[0m applied_dns_servers            = (known after apply)
      [32m+[0m[0m dns_servers                    = (known after apply)
      [32m+[0m[0m enable_accelerated_networking  = (known after apply)
      [32m+[0m[0m enable_ip_forwarding           = (known after apply)
      [32m+[0m[0m id                             = (known after apply)
      [32m+[0m[0m internal_domain_name_suffix    = (known after apply)
      [32m+[0m[0m ip_forwarding_enabled          = (known after apply)
      [32m+[0m[0m location                       = "francecentral"
      [32m+[0m[0m mac_address                    = (known after apply)
      [32m+[0m[0m name                           = "datacorp-dev-nic"
      [32m+[0m[0m private_ip_address             = (known after apply)
      [32m+[0m[0m private_ip_addresses           = (known after apply)
      [32m+[0m[0m resource_group_name            = "datacorp-dev-rg"
      [32m+[0m[0m tags                           = {
          [32m+[0m[0m "Environment" = "dev"
          [32m+[0m[0m "ManagedBy"   = "Terraform"
          [32m+[0m[0m "Project"     = "DataCorp Training"
        }
      [32m+[0m[0m virtual_machine_id             = (known after apply)

      [32m+[0m[0m ip_configuration {
          [32m+[0m[0m gateway_load_balancer_frontend_ip_configuration_id = (known after apply)
          [32m+[0m[0m name                                               = "internal"
          [32m+[0m[0m primary                                            = (known after apply)
          [32m+[0m[0m private_ip_address                                 = (known after apply)
          [32m+[0m[0m private_ip_address_allocation                      = "Dynamic"
          [32m+[0m[0m private_ip_address_version                         = "IPv4"
          [32m+[0m[0m public_ip_address_id                               = (known after apply)
          [32m+[0m[0m subnet_id                                          = (known after apply)
        }
    }

[1m  # module.virtual_machine.azurerm_network_interface_security_group_association.main[0m will be created
[0m  [32m+[0m[0m resource "azurerm_network_interface_security_group_association" "main" {
      [32m+[0m[0m id                        = (known after apply)
      [32m+[0m[0m network_interface_id      = (known after apply)
      [32m+[0m[0m network_security_group_id = (known after apply)
    }

[1m  # module.virtual_machine.azurerm_network_security_group.main[0m will be created
[0m  [32m+[0m[0m resource "azurerm_network_security_group" "main" {
      [32m+[0m[0m id                  = (known after apply)
      [32m+[0m[0m location            = "francecentral"
      [32m+[0m[0m name                = "datacorp-dev-nsg"
      [32m+[0m[0m resource_group_name = "datacorp-dev-rg"
      [32m+[0m[0m security_rule       = [
          [32m+[0m[0m {
              [32m+[0m[0m access                                     = "Allow"
              [32m+[0m[0m destination_address_prefix                 = "*"
              [32m+[0m[0m destination_address_prefixes               = []
              [32m+[0m[0m destination_application_security_group_ids = []
              [32m+[0m[0m destination_port_range                     = "22"
              [32m+[0m[0m destination_port_ranges                    = []
              [32m+[0m[0m direction                                  = "Inbound"
              [32m+[0m[0m name                                       = "SSH"
              [32m+[0m[0m priority                                   = 1001
              [32m+[0m[0m protocol                                   = "Tcp"
              [32m+[0m[0m source_address_prefix                      = "*"
              [32m+[0m[0m source_address_prefixes                    = []
              [32m+[0m[0m source_application_security_group_ids      = []
              [32m+[0m[0m source_port_range                          = "*"
              [32m+[0m[0m source_port_ranges                         = []
                [90m# (1 unchanged attribute hidden)[0m[0m
            },
        ]
      [32m+[0m[0m tags                = {
          [32m+[0m[0m "Environment" = "dev"
          [32m+[0m[0m "ManagedBy"   = "Terraform"
          [32m+[0m[0m "Project"     = "DataCorp Training"
        }
    }

[1m  # module.virtual_machine.azurerm_public_ip.main[0m will be created
[0m  [32m+[0m[0m resource "azurerm_public_ip" "main" {
      [32m+[0m[0m allocation_method       = "Static"
      [32m+[0m[0m ddos_protection_mode    = "VirtualNetworkInherited"
      [32m+[0m[0m fqdn                    = (known after apply)
      [32m+[0m[0m id                      = (known after apply)
      [32m+[0m[0m idle_timeout_in_minutes = 4
      [32m+[0m[0m ip_address              = (known after apply)
      [32m+[0m[0m ip_version              = "IPv4"
      [32m+[0m[0m location                = "francecentral"
      [32m+[0m[0m name                    = "datacorp-dev-pip"
      [32m+[0m[0m resource_group_name     = "datacorp-dev-rg"
      [32m+[0m[0m sku                     = "Standard"
      [32m+[0m[0m sku_tier                = "Regional"
      [32m+[0m[0m tags                    = {
          [32m+[0m[0m "Environment" = "dev"
          [32m+[0m[0m "ManagedBy"   = "Terraform"
          [32m+[0m[0m "Project"     = "DataCorp Training"
        }
    }

[1m  # module.virtual_machine.azurerm_subnet.main[0m will be created
[0m  [32m+[0m[0m resource "azurerm_subnet" "main" {
      [32m+[0m[0m address_prefixes                               = [
          [32m+[0m[0m "10.0.1.0/24",
        ]
      [32m+[0m[0m default_outbound_access_enabled                = true
      [32m+[0m[0m enforce_private_link_endpoint_network_policies = (known after apply)
      [32m+[0m[0m enforce_private_link_service_network_policies  = (known after apply)
      [32m+[0m[0m id                                             = (known after apply)
      [32m+[0m[0m name                                           = "datacorp-dev-subnet"
      [32m+[0m[0m private_endpoint_network_policies              = (known after apply)
      [32m+[0m[0m private_endpoint_network_policies_enabled      = (known after apply)
      [32m+[0m[0m private_link_service_network_policies_enabled  = (known after apply)
      [32m+[0m[0m resource_group_name                            = "datacorp-dev-rg"
      [32m+[0m[0m virtual_network_name                           = "datacorp-dev-vnet"
    }

[1m  # module.virtual_machine.azurerm_virtual_network.main[0m will be created
[0m  [32m+[0m[0m resource "azurerm_virtual_network" "main" {
      [32m+[0m[0m address_space       = [
          [32m+[0m[0m "10.0.0.0/16",
        ]
      [32m+[0m[0m dns_servers         = (known after apply)
      [32m+[0m[0m guid                = (known after apply)
      [32m+[0m[0m id                  = (known after apply)
      [32m+[0m[0m location            = "francecentral"
      [32m+[0m[0m name                = "datacorp-dev-vnet"
      [32m+[0m[0m resource_group_name = "datacorp-dev-rg"
      [32m+[0m[0m subnet              = (known after apply)
      [32m+[0m[0m tags                = {
          [32m+[0m[0m "Environment" = "dev"
          [32m+[0m[0m "ManagedBy"   = "Terraform"
          [32m+[0m[0m "Project"     = "DataCorp Training"
        }
    }

[1m  # module.webapp.azurerm_linux_web_app.main[0m will be created
[0m  [32m+[0m[0m resource "azurerm_linux_web_app" "main" {
      [32m+[0m[0m app_settings                                   = {
          [32m+[0m[0m "WEBSITE_NODE_DEFAULT_VERSION" = "~18"
        }
      [32m+[0m[0m client_affinity_enabled                        = false
      [32m+[0m[0m client_certificate_enabled                     = false
      [32m+[0m[0m client_certificate_mode                        = "Required"
      [32m+[0m[0m custom_domain_verification_id                  = (sensitive value)
      [32m+[0m[0m default_hostname                               = (known after apply)
      [32m+[0m[0m enabled                                        = true
      [32m+[0m[0m ftp_publish_basic_authentication_enabled       = true
      [32m+[0m[0m hosting_environment_id                         = (known after apply)
      [32m+[0m[0m https_only                                     = false
      [32m+[0m[0m id                                             = (known after apply)
      [32m+[0m[0m key_vault_reference_identity_id                = (known after apply)
      [32m+[0m[0m kind                                           = (known after apply)
      [32m+[0m[0m location                                       = "francecentral"
      [32m+[0m[0m name                                           = "datacorp-dev-webapp-ielh6r"
      [32m+[0m[0m outbound_ip_address_list                       = (known after apply)
      [32m+[0m[0m outbound_ip_addresses                          = (known after apply)
      [32m+[0m[0m possible_outbound_ip_address_list              = (known after apply)
      [32m+[0m[0m possible_outbound_ip_addresses                 = (known after apply)
      [32m+[0m[0m public_network_access_enabled                  = true
      [32m+[0m[0m resource_group_name                            = "datacorp-dev-rg"
      [32m+[0m[0m service_plan_id                                = (known after apply)
      [32m+[0m[0m site_credential                                = (sensitive value)
      [32m+[0m[0m tags                                           = {
          [32m+[0m[0m "Environment" = "dev"
          [32m+[0m[0m "ManagedBy"   = "Terraform"
          [32m+[0m[0m "Project"     = "DataCorp Training"
        }
      [32m+[0m[0m webdeploy_publish_basic_authentication_enabled = true
      [32m+[0m[0m zip_deploy_file                                = (known after apply)

      [32m+[0m[0m site_config {
          [32m+[0m[0m always_on                               = false
          [32m+[0m[0m container_registry_use_managed_identity = false
          [32m+[0m[0m default_documents                       = (known after apply)
          [32m+[0m[0m detailed_error_logging_enabled          = (known after apply)
          [32m+[0m[0m ftps_state                              = "Disabled"
          [32m+[0m[0m health_check_eviction_time_in_min       = (known after apply)
          [32m+[0m[0m http2_enabled                           = false
          [32m+[0m[0m ip_restriction_default_action           = "Allow"
          [32m+[0m[0m linux_fx_version                        = (known after apply)
          [32m+[0m[0m load_balancing_mode                     = "LeastRequests"
          [32m+[0m[0m local_mysql_enabled                     = false
          [32m+[0m[0m managed_pipeline_mode                   = "Integrated"
          [32m+[0m[0m minimum_tls_version                     = "1.2"
          [32m+[0m[0m remote_debugging_enabled                = false
          [32m+[0m[0m remote_debugging_version                = (known after apply)
          [32m+[0m[0m scm_ip_restriction_default_action       = "Allow"
          [32m+[0m[0m scm_minimum_tls_version                 = "1.2"
          [32m+[0m[0m scm_type                                = (known after apply)
          [32m+[0m[0m scm_use_main_ip_restriction             = false
          [32m+[0m[0m use_32_bit_worker                       = true
          [32m+[0m[0m vnet_route_all_enabled                  = false
          [32m+[0m[0m websockets_enabled                      = false
          [32m+[0m[0m worker_count                            = (known after apply)

          [32m+[0m[0m application_stack {
              [32m+[0m[0m docker_registry_password = (sensitive value)
              [32m+[0m[0m docker_registry_url      = (known after apply)
              [32m+[0m[0m docker_registry_username = (known after apply)
              [32m+[0m[0m node_version             = "18-lts"
            }
        }
    }

[1m  # module.webapp.azurerm_service_plan.main[0m will be created
[0m  [32m+[0m[0m resource "azurerm_service_plan" "main" {
      [32m+[0m[0m id                           = (known after apply)
      [32m+[0m[0m kind                         = (known after apply)
      [32m+[0m[0m location                     = "francecentral"
      [32m+[0m[0m maximum_elastic_worker_count = (known after apply)
      [32m+[0m[0m name                         = "datacorp-dev-asp"
      [32m+[0m[0m os_type                      = "Linux"
      [32m+[0m[0m per_site_scaling_enabled     = false
      [32m+[0m[0m reserved                     = (known after apply)
      [32m+[0m[0m resource_group_name          = "datacorp-dev-rg"
      [32m+[0m[0m sku_name                     = "F1"
      [32m+[0m[0m tags                         = {
          [32m+[0m[0m "Environment" = "dev"
          [32m+[0m[0m "ManagedBy"   = "Terraform"
          [32m+[0m[0m "Project"     = "DataCorp Training"
        }
      [32m+[0m[0m worker_count                 = (known after apply)
    }

[1mPlan:[0m [0m12 to add, 0 to change, 0 to destroy.

Changes to Outputs:
  [32m+[0m[0m storage_account_name                  = "datacorpdevsawzed23"
  [32m+[0m[0m storage_account_primary_blob_endpoint = (known after apply)
  [32m+[0m[0m vm_public_ip                          = (known after apply)
  [32m+[0m[0m webapp_name                           = "datacorp-dev-webapp-ielh6r"
  [32m+[0m[0m webapp_url                            = (known after apply)
